
Microsoft Visual Studio Solution File, Format Version 12.00
# Visual Studio Version 17
VisualStudioVersion = 17.6.33723.286
MinimumVisualStudioVersion = 10.0.40219.1
Project("{FAE04EC0-301F-11D3-BF4B-00C04F79EFBC}") = "WebApi", "WebApi\WebApi.csproj", "{A0423B73-A298-4902-95DE-DC1EF2DCECFA}"
EndProject
Project("{FAE04EC0-301F-11D3-BF4B-00C04F79EFBC}") = "WebApi.Tests", "WebApi.Tests\WebApi.Tests.csproj", "{EB942A21-AE3B-4255-A392-7E20209E0D2A}"
EndProject
Global
	GlobalSection(SolutionConfigurationPlatforms) = preSolution
		Debug|Any CPU = Debug|Any CPU
		Release|Any CPU = Release|Any CPU
	EndGlobalSection
	GlobalSection(ProjectConfigurationPlatforms) = postSolution
		{A0423B73-A298-4902-95DE-DC1EF2DCECFA}.Debug|Any CPU.ActiveCfg = Debug|Any CPU
		{A0423B73-A298-4902-95DE-DC1EF2DCECFA}.Debug|Any CPU.Build.0 = Debug|Any CPU
		{A0423B73-A298-4902-95DE-DC1EF2DCECFA}.Release|Any CPU.ActiveCfg = Release|Any CPU
		{A0423B73-A298-4902-95DE-DC1EF2DCECFA}.Release|Any CPU.Build.0 = Release|Any CPU
		{EB942A21-AE3B-4255-A392-7E20209E0D2A}.Debug|Any CPU.ActiveCfg = Debug|Any CPU
		{EB942A21-AE3B-4255-A392-7E20209E0D2A}.Debug|Any CPU.Build.0 = Debug|Any CPU
		{EB942A21-AE3B-4255-A392-7E20209E0D2A}.Release|Any CPU.ActiveCfg = Release|Any CPU
		{EB942A21-AE3B-4255-A392-7E20209E0D2A}.Release|Any CPU.Build.0 = Release|Any CPU
	EndGlobalSection
	GlobalSection(SolutionProperties) = preSolution
		HideSolutionNode = FALSE
	EndGlobalSection
	GlobalSection(ExtensibilityGlobals) = postSolution
		SolutionGuid = {12A653B6-217E-4F0F-AEAF-425A5B13EF8C}
	EndGlobalSection
EndGlobal
